
Microsoft Visual Studio Solution File, Format Version 12.00
# Visual Studio Version 18
VisualStudioVersion = 18.2.11408.102 d18.0
MinimumVisualStudioVersion = 10.0.40219.1
Project("{2150E333-8FDC-42A3-9474-1A3956D46DE8}") = "src", "src", "{6C08C6C5-86EF-400B-BDCC-F026C0F3B6EB}"
EndProject
Project("{FAE04EC0-301F-11D3-BF4B-00C04F79EFBC}") = "Microondas.Domain", "src\Microondas.Domain\Microondas.Domain.csproj", "{05E52AB9-1117-48CA-9C8F-F4C4C50426B7}"
EndProject
Project("{FAE04EC0-301F-11D3-BF4B-00C04F79EFBC}") = "Microondas.Application", "src\Microondas.Application\Microondas.Application.csproj", "{B4A23D38-8C53-4F00-9C26-DEBBF81177AD}"
EndProject
Project("{FAE04EC0-301F-11D3-BF4B-00C04F79EFBC}") = "Microondas.Infrastructure", "src\Microondas.Infrastructure\Microondas.Infrastructure.csproj", "{FC4879A6-1B9D-4BA2-AAD3-EFE2797A6262}"
EndProject
Project("{FAE04EC0-301F-11D3-BF4B-00C04F79EFBC}") = "Microondas.API", "src\Microondas.API\Microondas.API.csproj", "{803BD4BC-CCE2-4BE2-8636-7808B05610FE}"
EndProject
Project("{FAE04EC0-301F-11D3-BF4B-00C04F79EFBC}") = "Microondas.UI", "src\Microondas.UI\Microondas.UI.csproj", "{F08E57B4-51E2-4DCA-89A9-4D468C2F88E4}"
EndProject
Project("{2150E333-8FDC-42A3-9474-1A3956D46DE8}") = "tests", "tests", "{51B7B829-31E4-47F5-B4B1-2950DA4BBFB7}"
EndProject
Project("{FAE04EC0-301F-11D3-BF4B-00C04F79EFBC}") = "Microondas.Tests", "tests\Microondas.Tests\Microondas.Tests.csproj", "{34322431-49CF-47AB-B40B-B6D75F713ED6}"
EndProject
Global
	GlobalSection(SolutionConfigurationPlatforms) = preSolution
		Debug|Any CPU = Debug|Any CPU
		Release|Any CPU = Release|Any CPU
	EndGlobalSection
	GlobalSection(ProjectConfigurationPlatforms) = postSolution
		{05E52AB9-1117-48CA-9C8F-F4C4C50426B7}.Debug|Any CPU.ActiveCfg = Debug|Any CPU
		{05E52AB9-1117-48CA-9C8F-F4C4C50426B7}.Debug|Any CPU.Build.0 = Debug|Any CPU
		{05E52AB9-1117-48CA-9C8F-F4C4C50426B7}.Release|Any CPU.ActiveCfg = Release|Any CPU
		{05E52AB9-1117-48CA-9C8F-F4C4C50426B7}.Release|Any CPU.Build.0 = Release|Any CPU
		{B4A23D38-8C53-4F00-9C26-DEBBF81177AD}.Debug|Any CPU.ActiveCfg = Debug|Any CPU
		{B4A23D38-8C53-4F00-9C26-DEBBF81177AD}.Debug|Any CPU.Build.0 = Debug|Any CPU
		{B4A23D38-8C53-4F00-9C26-DEBBF81177AD}.Release|Any CPU.ActiveCfg = Release|Any CPU
		{B4A23D38-8C53-4F00-9C26-DEBBF81177AD}.Release|Any CPU.Build.0 = Release|Any CPU
		{FC4879A6-1B9D-4BA2-AAD3-EFE2797A6262}.Debug|Any CPU.ActiveCfg = Debug|Any CPU
		{FC4879A6-1B9D-4BA2-AAD3-EFE2797A6262}.Debug|Any CPU.Build.0 = Debug|Any CPU
		{FC4879A6-1B9D-4BA2-AAD3-EFE2797A6262}.Release|Any CPU.ActiveCfg = Release|Any CPU
		{FC4879A6-1B9D-4BA2-AAD3-EFE2797A6262}.Release|Any CPU.Build.0 = Release|Any CPU
		{803BD4BC-CCE2-4BE2-8636-7808B05610FE}.Debug|Any CPU.ActiveCfg = Debug|Any CPU
		{803BD4BC-CCE2-4BE2-8636-7808B05610FE}.Debug|Any CPU.Build.0 = Debug|Any CPU
		{803BD4BC-CCE2-4BE2-8636-7808B05610FE}.Release|Any CPU.ActiveCfg = Release|Any CPU
		{803BD4BC-CCE2-4BE2-8636-7808B05610FE}.Release|Any CPU.Build.0 = Release|Any CPU
		{F08E57B4-51E2-4DCA-89A9-4D468C2F88E4}.Debug|Any CPU.ActiveCfg = Debug|Any CPU
		{F08E57B4-51E2-4DCA-89A9-4D468C2F88E4}.Debug|Any CPU.Build.0 = Debug|Any CPU
		{F08E57B4-51E2-4DCA-89A9-4D468C2F88E4}.Release|Any CPU.ActiveCfg = Release|Any CPU
		{F08E57B4-51E2-4DCA-89A9-4D468C2F88E4}.Release|Any CPU.Build.0 = Release|Any CPU
		{34322431-49CF-47AB-B40B-B6D75F713ED6}.Debug|Any CPU.ActiveCfg = Debug|Any CPU
		{34322431-49CF-47AB-B40B-B6D75F713ED6}.Debug|Any CPU.Build.0 = Debug|Any CPU
		{34322431-49CF-47AB-B40B-B6D75F713ED6}.Release|Any CPU.ActiveCfg = Release|Any CPU
		{34322431-49CF-47AB-B40B-B6D75F713ED6}.Release|Any CPU.Build.0 = Release|Any CPU
	EndGlobalSection
	GlobalSection(SolutionProperties) = preSolution
		HideSolutionNode = FALSE
	EndGlobalSection
	GlobalSection(NestedProjects) = preSolution
		{05E52AB9-1117-48CA-9C8F-F4C4C50426B7} = {6C08C6C5-86EF-400B-BDCC-F026C0F3B6EB}
		{B4A23D38-8C53-4F00-9C26-DEBBF81177AD} = {6C08C6C5-86EF-400B-BDCC-F026C0F3B6EB}
		{FC4879A6-1B9D-4BA2-AAD3-EFE2797A6262} = {6C08C6C5-86EF-400B-BDCC-F026C0F3B6EB}
		{803BD4BC-CCE2-4BE2-8636-7808B05610FE} = {6C08C6C5-86EF-400B-BDCC-F026C0F3B6EB}
		{F08E57B4-51E2-4DCA-89A9-4D468C2F88E4} = {6C08C6C5-86EF-400B-BDCC-F026C0F3B6EB}
		{34322431-49CF-47AB-B40B-B6D75F713ED6} = {51B7B829-31E4-47F5-B4B1-2950DA4BBFB7}
	EndGlobalSection
EndGlobal
